
Microsoft Visual Studio Solution File, Format Version 12.00
# Visual Studio 2012
Project("{FAE04EC0-301F-11D3-BF4B-00C04F79EFBC}") = "SentoniClient", "SentoniClient\SentoniClient.csproj", "{8AA2FFB5-A3D5-4B5F-B596-4DF1FDA84929}"
EndProject
Project("{FAE04EC0-301F-11D3-BF4B-00C04F79EFBC}") = "SentoniServiceLib", "SentoniServiceLib\SentoniServiceLib.csproj", "{15B3E0D2-6217-493A-A690-158C497F5318}"
EndProject
Project("{FAE04EC0-301F-11D3-BF4B-00C04F79EFBC}") = "SentoniHost", "SentoniHost\SentoniHost.csproj", "{BDF99F43-269B-4054-91B5-8218C5B62D72}"
EndProject
Project("{FAE04EC0-301F-11D3-BF4B-00C04F79EFBC}") = "DeltasToTradeTester", "DeltasToTradeTester\DeltasToTradeTester.csproj", "{4338C88E-F9FD-406D-9A65-3F148FDFCA3C}"
EndProject
Project("{6141683F-8A12-4E36-9623-2EB02B2C2303}") = "SentoniHostSetup", "SentoniHostSetup\SentoniHostSetup.isproj", "{E805AB94-2F59-4A8B-81E0-D4A22E731082}"
EndProject
Project("{FAE04EC0-301F-11D3-BF4B-00C04F79EFBC}") = "SentoniHostLite", "SentoniHostLite\SentoniHostLite.csproj", "{15E088B6-46DC-4CA8-A238-0497834FDA3F}"
EndProject
Global
	GlobalSection(SolutionConfigurationPlatforms) = preSolution
		CD_ROM|Any CPU = CD_ROM|Any CPU
		Debug|Any CPU = Debug|Any CPU
		DVD-5|Any CPU = DVD-5|Any CPU
		Release|Any CPU = Release|Any CPU
		SingleImage|Any CPU = SingleImage|Any CPU
	EndGlobalSection
	GlobalSection(ProjectConfigurationPlatforms) = postSolution
		{8AA2FFB5-A3D5-4B5F-B596-4DF1FDA84929}.CD_ROM|Any CPU.ActiveCfg = Release|Any CPU
		{8AA2FFB5-A3D5-4B5F-B596-4DF1FDA84929}.CD_ROM|Any CPU.Build.0 = Release|Any CPU
		{8AA2FFB5-A3D5-4B5F-B596-4DF1FDA84929}.Debug|Any CPU.ActiveCfg = Debug|Any CPU
		{8AA2FFB5-A3D5-4B5F-B596-4DF1FDA84929}.Debug|Any CPU.Build.0 = Debug|Any CPU
		{8AA2FFB5-A3D5-4B5F-B596-4DF1FDA84929}.DVD-5|Any CPU.ActiveCfg = Debug|Any CPU
		{8AA2FFB5-A3D5-4B5F-B596-4DF1FDA84929}.DVD-5|Any CPU.Build.0 = Debug|Any CPU
		{8AA2FFB5-A3D5-4B5F-B596-4DF1FDA84929}.Release|Any CPU.ActiveCfg = Release|Any CPU
		{8AA2FFB5-A3D5-4B5F-B596-4DF1FDA84929}.Release|Any CPU.Build.0 = Release|Any CPU
		{8AA2FFB5-A3D5-4B5F-B596-4DF1FDA84929}.SingleImage|Any CPU.ActiveCfg = Release|Any CPU
		{8AA2FFB5-A3D5-4B5F-B596-4DF1FDA84929}.SingleImage|Any CPU.Build.0 = Release|Any CPU
		{15B3E0D2-6217-493A-A690-158C497F5318}.CD_ROM|Any CPU.ActiveCfg = Release|Any CPU
		{15B3E0D2-6217-493A-A690-158C497F5318}.CD_ROM|Any CPU.Build.0 = Release|Any CPU
		{15B3E0D2-6217-493A-A690-158C497F5318}.Debug|Any CPU.ActiveCfg = Debug|Any CPU
		{15B3E0D2-6217-493A-A690-158C497F5318}.Debug|Any CPU.Build.0 = Debug|Any CPU
		{15B3E0D2-6217-493A-A690-158C497F5318}.DVD-5|Any CPU.ActiveCfg = Debug|Any CPU
		{15B3E0D2-6217-493A-A690-158C497F5318}.DVD-5|Any CPU.Build.0 = Debug|Any CPU
		{15B3E0D2-6217-493A-A690-158C497F5318}.Release|Any CPU.ActiveCfg = Release|Any CPU
		{15B3E0D2-6217-493A-A690-158C497F5318}.Release|Any CPU.Build.0 = Release|Any CPU
		{15B3E0D2-6217-493A-A690-158C497F5318}.SingleImage|Any CPU.ActiveCfg = Release|Any CPU
		{15B3E0D2-6217-493A-A690-158C497F5318}.SingleImage|Any CPU.Build.0 = Release|Any CPU
		{BDF99F43-269B-4054-91B5-8218C5B62D72}.CD_ROM|Any CPU.ActiveCfg = Release|Any CPU
		{BDF99F43-269B-4054-91B5-8218C5B62D72}.CD_ROM|Any CPU.Build.0 = Release|Any CPU
		{BDF99F43-269B-4054-91B5-8218C5B62D72}.Debug|Any CPU.ActiveCfg = Debug|Any CPU
		{BDF99F43-269B-4054-91B5-8218C5B62D72}.Debug|Any CPU.Build.0 = Debug|Any CPU
		{BDF99F43-269B-4054-91B5-8218C5B62D72}.DVD-5|Any CPU.ActiveCfg = Debug|Any CPU
		{BDF99F43-269B-4054-91B5-8218C5B62D72}.DVD-5|Any CPU.Build.0 = Debug|Any CPU
		{BDF99F43-269B-4054-91B5-8218C5B62D72}.Release|Any CPU.ActiveCfg = Release|Any CPU
		{BDF99F43-269B-4054-91B5-8218C5B62D72}.Release|Any CPU.Build.0 = Release|Any CPU
		{BDF99F43-269B-4054-91B5-8218C5B62D72}.SingleImage|Any CPU.ActiveCfg = Release|Any CPU
		{BDF99F43-269B-4054-91B5-8218C5B62D72}.SingleImage|Any CPU.Build.0 = Release|Any CPU
		{4338C88E-F9FD-406D-9A65-3F148FDFCA3C}.CD_ROM|Any CPU.ActiveCfg = Release|Any CPU
		{4338C88E-F9FD-406D-9A65-3F148FDFCA3C}.CD_ROM|Any CPU.Build.0 = Release|Any CPU
		{4338C88E-F9FD-406D-9A65-3F148FDFCA3C}.Debug|Any CPU.ActiveCfg = Debug|Any CPU
		{4338C88E-F9FD-406D-9A65-3F148FDFCA3C}.Debug|Any CPU.Build.0 = Debug|Any CPU
		{4338C88E-F9FD-406D-9A65-3F148FDFCA3C}.DVD-5|Any CPU.ActiveCfg = Debug|Any CPU
		{4338C88E-F9FD-406D-9A65-3F148FDFCA3C}.DVD-5|Any CPU.Build.0 = Debug|Any CPU
		{4338C88E-F9FD-406D-9A65-3F148FDFCA3C}.Release|Any CPU.ActiveCfg = Release|Any CPU
		{4338C88E-F9FD-406D-9A65-3F148FDFCA3C}.Release|Any CPU.Build.0 = Release|Any CPU
		{4338C88E-F9FD-406D-9A65-3F148FDFCA3C}.SingleImage|Any CPU.ActiveCfg = Release|Any CPU
		{4338C88E-F9FD-406D-9A65-3F148FDFCA3C}.SingleImage|Any CPU.Build.0 = Release|Any CPU
		{E805AB94-2F59-4A8B-81E0-D4A22E731082}.CD_ROM|Any CPU.ActiveCfg = CD_ROM
		{E805AB94-2F59-4A8B-81E0-D4A22E731082}.CD_ROM|Any CPU.Build.0 = CD_ROM
		{E805AB94-2F59-4A8B-81E0-D4A22E731082}.Debug|Any CPU.ActiveCfg = SingleImage
		{E805AB94-2F59-4A8B-81E0-D4A22E731082}.DVD-5|Any CPU.ActiveCfg = DVD-5
		{E805AB94-2F59-4A8B-81E0-D4A22E731082}.DVD-5|Any CPU.Build.0 = DVD-5
		{E805AB94-2F59-4A8B-81E0-D4A22E731082}.Release|Any CPU.ActiveCfg = SingleImage
		{E805AB94-2F59-4A8B-81E0-D4A22E731082}.SingleImage|Any CPU.ActiveCfg = SingleImage
		{E805AB94-2F59-4A8B-81E0-D4A22E731082}.SingleImage|Any CPU.Build.0 = SingleImage
		{15E088B6-46DC-4CA8-A238-0497834FDA3F}.CD_ROM|Any CPU.ActiveCfg = Release|Any CPU
		{15E088B6-46DC-4CA8-A238-0497834FDA3F}.CD_ROM|Any CPU.Build.0 = Release|Any CPU
		{15E088B6-46DC-4CA8-A238-0497834FDA3F}.Debug|Any CPU.ActiveCfg = Debug|Any CPU
		{15E088B6-46DC-4CA8-A238-0497834FDA3F}.Debug|Any CPU.Build.0 = Debug|Any CPU
		{15E088B6-46DC-4CA8-A238-0497834FDA3F}.DVD-5|Any CPU.ActiveCfg = Debug|Any CPU
		{15E088B6-46DC-4CA8-A238-0497834FDA3F}.DVD-5|Any CPU.Build.0 = Debug|Any CPU
		{15E088B6-46DC-4CA8-A238-0497834FDA3F}.Release|Any CPU.ActiveCfg = Release|Any CPU
		{15E088B6-46DC-4CA8-A238-0497834FDA3F}.Release|Any CPU.Build.0 = Release|Any CPU
		{15E088B6-46DC-4CA8-A238-0497834FDA3F}.SingleImage|Any CPU.ActiveCfg = Release|Any CPU
		{15E088B6-46DC-4CA8-A238-0497834FDA3F}.SingleImage|Any CPU.Build.0 = Release|Any CPU
	EndGlobalSection
	GlobalSection(SolutionProperties) = preSolution
		HideSolutionNode = FALSE
	EndGlobalSection
EndGlobal
